
Microsoft Visual Studio Solution File, Format Version 12.00
# Visual Studio Version 17
VisualStudioVersion = 17.4.33403.182
MinimumVisualStudioVersion = 10.0.40219.1
Project("{FAE04EC0-301F-11D3-BF4B-00C04F79EFBC}") = "Practical-3", "Practical-3\Practical-3.csproj", "{B3F08B2B-5CD9-43F5-B18E-3B5A7278FA2B}"
EndProject
Global
	GlobalSection(SolutionConfigurationPlatforms) = preSolution
		Debug|Any CPU = Debug|Any CPU
		Release|Any CPU = Release|Any CPU
	EndGlobalSection
	GlobalSection(ProjectConfigurationPlatforms) = postSolution
		{B3F08B2B-5CD9-43F5-B18E-3B5A7278FA2B}.Debug|Any CPU.ActiveCfg = Debug|Any CPU
		{B3F08B2B-5CD9-43F5-B18E-3B5A7278FA2B}.Debug|Any CPU.Build.0 = Debug|Any CPU
		{B3F08B2B-5CD9-43F5-B18E-3B5A7278FA2B}.Release|Any CPU.ActiveCfg = Release|Any CPU
		{B3F08B2B-5CD9-43F5-B18E-3B5A7278FA2B}.Release|Any CPU.Build.0 = Release|Any CPU
	EndGlobalSection
	GlobalSection(SolutionProperties) = preSolution
		HideSolutionNode = FALSE
	EndGlobalSection
	GlobalSection(ExtensibilityGlobals) = postSolution
		SolutionGuid = {6E8273C9-5765-4DF9-8901-771B8F6526CA}
	EndGlobalSection
EndGlobal
